
Microsoft Visual Studio Solution File, Format Version 12.00
# Visual Studio Version 17
VisualStudioVersion = 17.14.36623.8 d17.14
MinimumVisualStudioVersion = 10.0.40219.1
Project("{FAE04EC0-301F-11D3-BF4B-00C04F79EFBC}") = "NEZ.Shell", "NEZ.Shell\NEZ.Shell.csproj", "{EDDF65C6-CCD6-4E60-9B26-3E1B02A9404B}"
EndProject
Global
	GlobalSection(SolutionConfigurationPlatforms) = preSolution
		Debug|Any CPU = Debug|Any CPU
		Release|Any CPU = Release|Any CPU
	EndGlobalSection
	GlobalSection(ProjectConfigurationPlatforms) = postSolution
		{EDDF65C6-CCD6-4E60-9B26-3E1B02A9404B}.Debug|Any CPU.ActiveCfg = Debug|Any CPU
		{EDDF65C6-CCD6-4E60-9B26-3E1B02A9404B}.Debug|Any CPU.Build.0 = Debug|Any CPU
		{EDDF65C6-CCD6-4E60-9B26-3E1B02A9404B}.Release|Any CPU.ActiveCfg = Release|Any CPU
		{EDDF65C6-CCD6-4E60-9B26-3E1B02A9404B}.Release|Any CPU.Build.0 = Release|Any CPU
	EndGlobalSection
	GlobalSection(SolutionProperties) = preSolution
		HideSolutionNode = FALSE
	EndGlobalSection
	GlobalSection(ExtensibilityGlobals) = postSolution
		SolutionGuid = {EB22437B-0AA1-4407-9F2D-5C0866A5F8DC}
	EndGlobalSection
EndGlobal
